
Microsoft Visual Studio Solution File, Format Version 12.00
# Visual Studio Version 16
VisualStudioVersion = 16.0.30011.22
MinimumVisualStudioVersion = 10.0.40219.1
Project("{FAE04EC0-301F-11D3-BF4B-00C04F79EFBC}") = "CEA-2020.IDE", "CEA-2020.IDE.csproj", "{8C6296F3-E3ED-46FB-816F-5A2A024294A4}"
EndProject
Global
	GlobalSection(SolutionConfigurationPlatforms) = preSolution
		Debug|Any CPU = Debug|Any CPU
		Release|Any CPU = Release|Any CPU
	EndGlobalSection
	GlobalSection(ProjectConfigurationPlatforms) = postSolution
		{8C6296F3-E3ED-46FB-816F-5A2A024294A4}.Debug|Any CPU.ActiveCfg = Debug|Any CPU
		{8C6296F3-E3ED-46FB-816F-5A2A024294A4}.Debug|Any CPU.Build.0 = Debug|Any CPU
		{8C6296F3-E3ED-46FB-816F-5A2A024294A4}.Release|Any CPU.ActiveCfg = Release|Any CPU
		{8C6296F3-E3ED-46FB-816F-5A2A024294A4}.Release|Any CPU.Build.0 = Release|Any CPU
	EndGlobalSection
	GlobalSection(SolutionProperties) = preSolution
		HideSolutionNode = FALSE
	EndGlobalSection
	GlobalSection(ExtensibilityGlobals) = postSolution
		SolutionGuid = {E4A519E7-69DD-4F2A-845C-34BEE0893352}
	EndGlobalSection
EndGlobal
